
Microsoft Visual Studio Solution File, Format Version 12.00
# Visual Studio 15
VisualStudioVersion = 15.0.28307.960
MinimumVisualStudioVersion = 10.0.40219.1
Project("{888888A0-9F3D-457C-B088-3A5042F75D52}") = "RobinhoodBot", "RobinhoodBot.pyproj", "{FAF12EC0-CEBC-40C8-B088-318145543947}"
EndProject
Global
	GlobalSection(SolutionConfigurationPlatforms) = preSolution
		Debug|Any CPU = Debug|Any CPU
		Release|Any CPU = Release|Any CPU
	EndGlobalSection
	GlobalSection(ProjectConfigurationPlatforms) = postSolution
		{FAF12EC0-CEBC-40C8-B088-318145543947}.Debug|Any CPU.ActiveCfg = Debug|Any CPU
		{FAF12EC0-CEBC-40C8-B088-318145543947}.Release|Any CPU.ActiveCfg = Release|Any CPU
	EndGlobalSection
	GlobalSection(SolutionProperties) = preSolution
		HideSolutionNode = FALSE
	EndGlobalSection
	GlobalSection(ExtensibilityGlobals) = postSolution
		SolutionGuid = {ADCDE936-B5A1-4698-8082-C9D5B6F9F0E1}
	EndGlobalSection
EndGlobal
